
Microsoft Visual Studio Solution File, Format Version 12.00
# Visual Studio 14
VisualStudioVersion = 14.0.25420.1
MinimumVisualStudioVersion = 10.0.40219.1
Project("{FAE04EC0-301F-11D3-BF4B-00C04F79EFBC}") = "Office365ConnectorSDK", "Office365ConnectorSDK\Office365ConnectorSDK.csproj", "{E9D5D72D-AFD7-4D39-8E46-4AC7973CC1FE}"
EndProject
Project("{FAE04EC0-301F-11D3-BF4B-00C04F79EFBC}") = "OGCSDKConsoleClient", "OGCSDKConsoleClient\OGCSDKConsoleClient.csproj", "{1A4EF2B9-CB3D-4BAD-B5EC-358EBFC83B63}"
EndProject
Project("{FAE04EC0-301F-11D3-BF4B-00C04F79EFBC}") = "webapp45", "webapp45\webapp45.csproj", "{329DE1FD-CE24-463E-A89C-E0D344F7C567}"
EndProject
Project("{2150E333-8FDC-42A3-9474-1A3956D46DE8}") = "Files", "Files", "{3854CE54-5DE5-48A7-90A9-89830DF09078}"
EndProject
Project("{2150E333-8FDC-42A3-9474-1A3956D46DE8}") = "DBScript", "DBScript", "{5BF9F725-7149-4E49-BF03-8F328F24540A}"
	ProjectSection(SolutionItems) = preProject
		DBScripts\ConnectorDB.sql = DBScripts\ConnectorDB.sql
	EndProjectSection
EndProject
Global
	GlobalSection(SolutionConfigurationPlatforms) = preSolution
		Debug|Any CPU = Debug|Any CPU
		Release|Any CPU = Release|Any CPU
	EndGlobalSection
	GlobalSection(ProjectConfigurationPlatforms) = postSolution
		{E9D5D72D-AFD7-4D39-8E46-4AC7973CC1FE}.Debug|Any CPU.ActiveCfg = Debug|Any CPU
		{E9D5D72D-AFD7-4D39-8E46-4AC7973CC1FE}.Debug|Any CPU.Build.0 = Debug|Any CPU
		{E9D5D72D-AFD7-4D39-8E46-4AC7973CC1FE}.Release|Any CPU.ActiveCfg = Release|Any CPU
		{E9D5D72D-AFD7-4D39-8E46-4AC7973CC1FE}.Release|Any CPU.Build.0 = Release|Any CPU
		{1A4EF2B9-CB3D-4BAD-B5EC-358EBFC83B63}.Debug|Any CPU.ActiveCfg = Debug|Any CPU
		{1A4EF2B9-CB3D-4BAD-B5EC-358EBFC83B63}.Debug|Any CPU.Build.0 = Debug|Any CPU
		{1A4EF2B9-CB3D-4BAD-B5EC-358EBFC83B63}.Release|Any CPU.ActiveCfg = Release|Any CPU
		{1A4EF2B9-CB3D-4BAD-B5EC-358EBFC83B63}.Release|Any CPU.Build.0 = Release|Any CPU
		{329DE1FD-CE24-463E-A89C-E0D344F7C567}.Debug|Any CPU.ActiveCfg = Debug|Any CPU
		{329DE1FD-CE24-463E-A89C-E0D344F7C567}.Debug|Any CPU.Build.0 = Debug|Any CPU
		{329DE1FD-CE24-463E-A89C-E0D344F7C567}.Release|Any CPU.ActiveCfg = Release|Any CPU
		{329DE1FD-CE24-463E-A89C-E0D344F7C567}.Release|Any CPU.Build.0 = Release|Any CPU
	EndGlobalSection
	GlobalSection(SolutionProperties) = preSolution
		HideSolutionNode = FALSE
	EndGlobalSection
	GlobalSection(NestedProjects) = preSolution
		{5BF9F725-7149-4E49-BF03-8F328F24540A} = {3854CE54-5DE5-48A7-90A9-89830DF09078}
	EndGlobalSection
EndGlobal
