
Microsoft Visual Studio Solution File, Format Version 12.00
# Visual Studio 14
VisualStudioVersion = 14.0.25420.1
MinimumVisualStudioVersion = 10.0.40219.1
Project("{FAE04EC0-301F-11D3-BF4B-00C04F79EFBC}") = "Office365ConnectorSDK", "Office365ConnectorSDK\Office365ConnectorSDK.csproj", "{E9D5D72D-AFD7-4D39-8E46-4AC7973CC1FE}"
EndProject
Project("{FAE04EC0-301F-11D3-BF4B-00C04F79EFBC}") = "OGCSDKConsoleClient", "OGCSDKConsoleClient\OGCSDKConsoleClient.csproj", "{1A4EF2B9-CB3D-4BAD-B5EC-358EBFC83B63}"
EndProject
Project("{FAE04EC0-301F-11D3-BF4B-00C04F79EFBC}") = "webapp45", "webapp45\webapp45.csproj", "{329DE1FD-CE24-463E-A89C-E0D344F7C567}"
EndProject
Project("{2150E333-8FDC-42A3-9474-1A3956D46DE8}") = "Files", "Files", "{3854CE54-5DE5-48A7-90A9-89830DF09078}"
EndProject
Project("{2150E333-8FDC-42A3-9474-1A3956D46DE8}") = "DBScript", "DBScript", "{5BF9F725-7149-4E49-BF03-8F328F24540A}"
	ProjectSection(SolutionItems) = preProject
		DBScripts\ConnectorDB.sql = DBScripts\ConnectorDB.sql
	EndProjectSection
EndProject
Project("{2150E333-8FDC-42A3-9474-1A3956D46DE8}") = "CloudServices", "CloudServices", "{FE690538-F807-4E76-8FBF-13733744B5B4}"
EndProject
Project("{CC5FD16D-436D-48AD-A40C-5A424C6E3E79}") = "OGCCloudSvc", "OGCCloudSvc\OGCCloudSvc.ccproj", "{61D9A94E-4D94-432D-835B-3943C2202208}"
EndProject
Project("{FAE04EC0-301F-11D3-BF4B-00C04F79EFBC}") = "OGCWorkerRole", "OGCWorkerRole\OGCWorkerRole.csproj", "{0424A3E2-ECC2-4222-A0DC-B5BE85C7EE72}"
EndProject
Project("{2150E333-8FDC-42A3-9474-1A3956D46DE8}") = "Microservices", "Microservices", "{5F62B81F-C6EF-4D11-A009-848956BDC404}"
EndProject
Project("{A07B5EB6-E848-4116-A8D0-A826331D98C6}") = "OGCSFApp", "OGCSFApp\OGCSFApp.sfproj", "{FFCD9C32-FCB0-4E6B-9B2D-48D17ACCDB87}"
EndProject
Project("{FAE04EC0-301F-11D3-BF4B-00C04F79EFBC}") = "OGCWebApi", "OGCWebApi\OGCWebApi.csproj", "{D7A26215-E6CC-4909-AF75-05448BD67DDA}"
EndProject
Global
	GlobalSection(SolutionConfigurationPlatforms) = preSolution
		Debug|Any CPU = Debug|Any CPU
		Debug|x64 = Debug|x64
		Release|Any CPU = Release|Any CPU
		Release|x64 = Release|x64
	EndGlobalSection
	GlobalSection(ProjectConfigurationPlatforms) = postSolution
		{E9D5D72D-AFD7-4D39-8E46-4AC7973CC1FE}.Debug|Any CPU.ActiveCfg = Debug|Any CPU
		{E9D5D72D-AFD7-4D39-8E46-4AC7973CC1FE}.Debug|Any CPU.Build.0 = Debug|Any CPU
		{E9D5D72D-AFD7-4D39-8E46-4AC7973CC1FE}.Debug|x64.ActiveCfg = Debug|Any CPU
		{E9D5D72D-AFD7-4D39-8E46-4AC7973CC1FE}.Debug|x64.Build.0 = Debug|Any CPU
		{E9D5D72D-AFD7-4D39-8E46-4AC7973CC1FE}.Release|Any CPU.ActiveCfg = Release|Any CPU
		{E9D5D72D-AFD7-4D39-8E46-4AC7973CC1FE}.Release|Any CPU.Build.0 = Release|Any CPU
		{E9D5D72D-AFD7-4D39-8E46-4AC7973CC1FE}.Release|x64.ActiveCfg = Release|Any CPU
		{E9D5D72D-AFD7-4D39-8E46-4AC7973CC1FE}.Release|x64.Build.0 = Release|Any CPU
		{1A4EF2B9-CB3D-4BAD-B5EC-358EBFC83B63}.Debug|Any CPU.ActiveCfg = Debug|Any CPU
		{1A4EF2B9-CB3D-4BAD-B5EC-358EBFC83B63}.Debug|Any CPU.Build.0 = Debug|Any CPU
		{1A4EF2B9-CB3D-4BAD-B5EC-358EBFC83B63}.Debug|x64.ActiveCfg = Debug|Any CPU
		{1A4EF2B9-CB3D-4BAD-B5EC-358EBFC83B63}.Debug|x64.Build.0 = Debug|Any CPU
		{1A4EF2B9-CB3D-4BAD-B5EC-358EBFC83B63}.Release|Any CPU.ActiveCfg = Release|Any CPU
		{1A4EF2B9-CB3D-4BAD-B5EC-358EBFC83B63}.Release|Any CPU.Build.0 = Release|Any CPU
		{1A4EF2B9-CB3D-4BAD-B5EC-358EBFC83B63}.Release|x64.ActiveCfg = Release|Any CPU
		{1A4EF2B9-CB3D-4BAD-B5EC-358EBFC83B63}.Release|x64.Build.0 = Release|Any CPU
		{329DE1FD-CE24-463E-A89C-E0D344F7C567}.Debug|Any CPU.ActiveCfg = Debug|Any CPU
		{329DE1FD-CE24-463E-A89C-E0D344F7C567}.Debug|Any CPU.Build.0 = Debug|Any CPU
		{329DE1FD-CE24-463E-A89C-E0D344F7C567}.Debug|x64.ActiveCfg = Debug|Any CPU
		{329DE1FD-CE24-463E-A89C-E0D344F7C567}.Debug|x64.Build.0 = Debug|Any CPU
		{329DE1FD-CE24-463E-A89C-E0D344F7C567}.Release|Any CPU.ActiveCfg = Release|Any CPU
		{329DE1FD-CE24-463E-A89C-E0D344F7C567}.Release|Any CPU.Build.0 = Release|Any CPU
		{329DE1FD-CE24-463E-A89C-E0D344F7C567}.Release|x64.ActiveCfg = Release|Any CPU
		{329DE1FD-CE24-463E-A89C-E0D344F7C567}.Release|x64.Build.0 = Release|Any CPU
		{61D9A94E-4D94-432D-835B-3943C2202208}.Debug|Any CPU.ActiveCfg = Debug|Any CPU
		{61D9A94E-4D94-432D-835B-3943C2202208}.Debug|Any CPU.Build.0 = Debug|Any CPU
		{61D9A94E-4D94-432D-835B-3943C2202208}.Debug|x64.ActiveCfg = Debug|Any CPU
		{61D9A94E-4D94-432D-835B-3943C2202208}.Debug|x64.Build.0 = Debug|Any CPU
		{61D9A94E-4D94-432D-835B-3943C2202208}.Release|Any CPU.ActiveCfg = Release|Any CPU
		{61D9A94E-4D94-432D-835B-3943C2202208}.Release|Any CPU.Build.0 = Release|Any CPU
		{61D9A94E-4D94-432D-835B-3943C2202208}.Release|x64.ActiveCfg = Release|Any CPU
		{61D9A94E-4D94-432D-835B-3943C2202208}.Release|x64.Build.0 = Release|Any CPU
		{0424A3E2-ECC2-4222-A0DC-B5BE85C7EE72}.Debug|Any CPU.ActiveCfg = Debug|Any CPU
		{0424A3E2-ECC2-4222-A0DC-B5BE85C7EE72}.Debug|Any CPU.Build.0 = Debug|Any CPU
		{0424A3E2-ECC2-4222-A0DC-B5BE85C7EE72}.Debug|x64.ActiveCfg = Debug|Any CPU
		{0424A3E2-ECC2-4222-A0DC-B5BE85C7EE72}.Debug|x64.Build.0 = Debug|Any CPU
		{0424A3E2-ECC2-4222-A0DC-B5BE85C7EE72}.Release|Any CPU.ActiveCfg = Release|Any CPU
		{0424A3E2-ECC2-4222-A0DC-B5BE85C7EE72}.Release|Any CPU.Build.0 = Release|Any CPU
		{0424A3E2-ECC2-4222-A0DC-B5BE85C7EE72}.Release|x64.ActiveCfg = Release|Any CPU
		{0424A3E2-ECC2-4222-A0DC-B5BE85C7EE72}.Release|x64.Build.0 = Release|Any CPU
		{FFCD9C32-FCB0-4E6B-9B2D-48D17ACCDB87}.Debug|Any CPU.ActiveCfg = Debug|x64
		{FFCD9C32-FCB0-4E6B-9B2D-48D17ACCDB87}.Debug|x64.ActiveCfg = Debug|x64
		{FFCD9C32-FCB0-4E6B-9B2D-48D17ACCDB87}.Debug|x64.Build.0 = Debug|x64
		{FFCD9C32-FCB0-4E6B-9B2D-48D17ACCDB87}.Debug|x64.Deploy.0 = Debug|x64
		{FFCD9C32-FCB0-4E6B-9B2D-48D17ACCDB87}.Release|Any CPU.ActiveCfg = Release|x64
		{FFCD9C32-FCB0-4E6B-9B2D-48D17ACCDB87}.Release|x64.ActiveCfg = Release|x64
		{FFCD9C32-FCB0-4E6B-9B2D-48D17ACCDB87}.Release|x64.Build.0 = Release|x64
		{FFCD9C32-FCB0-4E6B-9B2D-48D17ACCDB87}.Release|x64.Deploy.0 = Release|x64
		{D7A26215-E6CC-4909-AF75-05448BD67DDA}.Debug|Any CPU.ActiveCfg = Debug|x64
		{D7A26215-E6CC-4909-AF75-05448BD67DDA}.Debug|x64.ActiveCfg = Debug|x64
		{D7A26215-E6CC-4909-AF75-05448BD67DDA}.Debug|x64.Build.0 = Debug|x64
		{D7A26215-E6CC-4909-AF75-05448BD67DDA}.Release|Any CPU.ActiveCfg = Release|x64
		{D7A26215-E6CC-4909-AF75-05448BD67DDA}.Release|x64.ActiveCfg = Release|x64
		{D7A26215-E6CC-4909-AF75-05448BD67DDA}.Release|x64.Build.0 = Release|x64
	EndGlobalSection
	GlobalSection(SolutionProperties) = preSolution
		HideSolutionNode = FALSE
	EndGlobalSection
	GlobalSection(NestedProjects) = preSolution
		{5BF9F725-7149-4E49-BF03-8F328F24540A} = {3854CE54-5DE5-48A7-90A9-89830DF09078}
		{61D9A94E-4D94-432D-835B-3943C2202208} = {FE690538-F807-4E76-8FBF-13733744B5B4}
		{0424A3E2-ECC2-4222-A0DC-B5BE85C7EE72} = {FE690538-F807-4E76-8FBF-13733744B5B4}
		{FFCD9C32-FCB0-4E6B-9B2D-48D17ACCDB87} = {5F62B81F-C6EF-4D11-A009-848956BDC404}
		{D7A26215-E6CC-4909-AF75-05448BD67DDA} = {5F62B81F-C6EF-4D11-A009-848956BDC404}
	EndGlobalSection
EndGlobal
